
Microsoft Visual Studio Solution File, Format Version 12.00
# Visual Studio Version 16
VisualStudioVersion = 16.0.30711.63
MinimumVisualStudioVersion = 10.0.40219.1
Project("{FAE04EC0-301F-11D3-BF4B-00C04F79EFBC}") = "Quiz", "Quiz\Quiz.csproj", "{9F5BEC4C-B8EE-44B5-B47A-601FB08A6ED1}"
EndProject
Global
	GlobalSection(SolutionConfigurationPlatforms) = preSolution
		Debug|Any CPU = Debug|Any CPU
		Release|Any CPU = Release|Any CPU
	EndGlobalSection
	GlobalSection(ProjectConfigurationPlatforms) = postSolution
		{9F5BEC4C-B8EE-44B5-B47A-601FB08A6ED1}.Debug|Any CPU.ActiveCfg = Debug|Any CPU
		{9F5BEC4C-B8EE-44B5-B47A-601FB08A6ED1}.Debug|Any CPU.Build.0 = Debug|Any CPU
		{9F5BEC4C-B8EE-44B5-B47A-601FB08A6ED1}.Release|Any CPU.ActiveCfg = Release|Any CPU
		{9F5BEC4C-B8EE-44B5-B47A-601FB08A6ED1}.Release|Any CPU.Build.0 = Release|Any CPU
	EndGlobalSection
	GlobalSection(SolutionProperties) = preSolution
		HideSolutionNode = FALSE
	EndGlobalSection
	GlobalSection(ExtensibilityGlobals) = postSolution
		SolutionGuid = {54C584E2-010E-4CAA-A83F-0773830B2B9B}
	EndGlobalSection
EndGlobal
