
Microsoft Visual Studio Solution File, Format Version 12.00
# Visual Studio Version 16
VisualStudioVersion = 16.0.30413.136
MinimumVisualStudioVersion = 10.0.40219.1
Project("{FAE04EC0-301F-11D3-BF4B-00C04F79EFBC}") = "Color_Mixer", "Color_Mixer\Color_Mixer.csproj", "{59073006-03F5-4229-A658-A60ACDB8FDEA}"
EndProject
Project("{FAE04EC0-301F-11D3-BF4B-00C04F79EFBC}") = "data_customer", "data_customer\data_customer.csproj", "{15AE1573-53DB-4745-B566-A8133A67B584}"
EndProject
Global
	GlobalSection(SolutionConfigurationPlatforms) = preSolution
		Debug|Any CPU = Debug|Any CPU
		Release|Any CPU = Release|Any CPU
	EndGlobalSection
	GlobalSection(ProjectConfigurationPlatforms) = postSolution
		{59073006-03F5-4229-A658-A60ACDB8FDEA}.Debug|Any CPU.ActiveCfg = Debug|Any CPU
		{59073006-03F5-4229-A658-A60ACDB8FDEA}.Debug|Any CPU.Build.0 = Debug|Any CPU
		{59073006-03F5-4229-A658-A60ACDB8FDEA}.Release|Any CPU.ActiveCfg = Release|Any CPU
		{59073006-03F5-4229-A658-A60ACDB8FDEA}.Release|Any CPU.Build.0 = Release|Any CPU
		{15AE1573-53DB-4745-B566-A8133A67B584}.Debug|Any CPU.ActiveCfg = Debug|Any CPU
		{15AE1573-53DB-4745-B566-A8133A67B584}.Debug|Any CPU.Build.0 = Debug|Any CPU
		{15AE1573-53DB-4745-B566-A8133A67B584}.Release|Any CPU.ActiveCfg = Release|Any CPU
		{15AE1573-53DB-4745-B566-A8133A67B584}.Release|Any CPU.Build.0 = Release|Any CPU
	EndGlobalSection
	GlobalSection(SolutionProperties) = preSolution
		HideSolutionNode = FALSE
	EndGlobalSection
	GlobalSection(ExtensibilityGlobals) = postSolution
		SolutionGuid = {EDDB9369-8771-41E2-BCFA-DC9F8D8B80F1}
	EndGlobalSection
EndGlobal
