
Microsoft Visual Studio Solution File, Format Version 12.00
# Visual Studio Version 16
VisualStudioVersion = 16.0.30413.136
MinimumVisualStudioVersion = 10.0.40219.1
Project("{FAE04EC0-301F-11D3-BF4B-00C04F79EFBC}") = "ColorMixing", "ColorMixing\ColorMixing.csproj", "{7D53F361-84D9-44E5-9175-39070B1B3BB3}"
EndProject
Project("{FAE04EC0-301F-11D3-BF4B-00C04F79EFBC}") = "DataCustomer", "DataCustomer\DataCustomer.csproj", "{5F6F2193-BF36-41CE-A0B4-54DB67B44EF1}"
EndProject
Global
	GlobalSection(SolutionConfigurationPlatforms) = preSolution
		Debug|Any CPU = Debug|Any CPU
		Release|Any CPU = Release|Any CPU
	EndGlobalSection
	GlobalSection(ProjectConfigurationPlatforms) = postSolution
		{7D53F361-84D9-44E5-9175-39070B1B3BB3}.Debug|Any CPU.ActiveCfg = Debug|Any CPU
		{7D53F361-84D9-44E5-9175-39070B1B3BB3}.Debug|Any CPU.Build.0 = Debug|Any CPU
		{7D53F361-84D9-44E5-9175-39070B1B3BB3}.Release|Any CPU.ActiveCfg = Release|Any CPU
		{7D53F361-84D9-44E5-9175-39070B1B3BB3}.Release|Any CPU.Build.0 = Release|Any CPU
		{5F6F2193-BF36-41CE-A0B4-54DB67B44EF1}.Debug|Any CPU.ActiveCfg = Debug|Any CPU
		{5F6F2193-BF36-41CE-A0B4-54DB67B44EF1}.Debug|Any CPU.Build.0 = Debug|Any CPU
		{5F6F2193-BF36-41CE-A0B4-54DB67B44EF1}.Release|Any CPU.ActiveCfg = Release|Any CPU
		{5F6F2193-BF36-41CE-A0B4-54DB67B44EF1}.Release|Any CPU.Build.0 = Release|Any CPU
	EndGlobalSection
	GlobalSection(SolutionProperties) = preSolution
		HideSolutionNode = FALSE
	EndGlobalSection
	GlobalSection(ExtensibilityGlobals) = postSolution
		SolutionGuid = {2A708757-64A1-4556-8BBE-7B8063B1BF4E}
	EndGlobalSection
EndGlobal
